
Microsoft Visual Studio Solution File, Format Version 12.00
# Visual Studio Version 17
VisualStudioVersion = 17.8.34330.188
MinimumVisualStudioVersion = 10.0.40219.1
Project("{FAE04EC0-301F-11D3-BF4B-00C04F79EFBC}") = "Repository.MSSQL", "Repository.MSSQL\Repository.MSSQL.csproj", "{D62EC39B-215C-459F-908A-EFFF725CBBC2}"
EndProject
Project("{FAE04EC0-301F-11D3-BF4B-00C04F79EFBC}") = "Repository.AzureTables", "Repository.AzureTables\Repository.AzureTables.csproj", "{AE2C446E-1432-4A4A-B22A-79610D72A85D}"
EndProject
Project("{FAE04EC0-301F-11D3-BF4B-00C04F79EFBC}") = "Repository.Tests", "Repository.Tests\Repository.Tests.csproj", "{054BC9D9-1D80-43BB-8861-EA207B7A7CDA}"
EndProject
Global
	GlobalSection(SolutionConfigurationPlatforms) = preSolution
		Debug|Any CPU = Debug|Any CPU
		Release|Any CPU = Release|Any CPU
	EndGlobalSection
	GlobalSection(ProjectConfigurationPlatforms) = postSolution
		{D62EC39B-215C-459F-908A-EFFF725CBBC2}.Debug|Any CPU.ActiveCfg = Debug|Any CPU
		{D62EC39B-215C-459F-908A-EFFF725CBBC2}.Debug|Any CPU.Build.0 = Debug|Any CPU
		{D62EC39B-215C-459F-908A-EFFF725CBBC2}.Release|Any CPU.ActiveCfg = Release|Any CPU
		{D62EC39B-215C-459F-908A-EFFF725CBBC2}.Release|Any CPU.Build.0 = Release|Any CPU
		{AE2C446E-1432-4A4A-B22A-79610D72A85D}.Debug|Any CPU.ActiveCfg = Debug|Any CPU
		{AE2C446E-1432-4A4A-B22A-79610D72A85D}.Debug|Any CPU.Build.0 = Debug|Any CPU
		{AE2C446E-1432-4A4A-B22A-79610D72A85D}.Release|Any CPU.ActiveCfg = Release|Any CPU
		{AE2C446E-1432-4A4A-B22A-79610D72A85D}.Release|Any CPU.Build.0 = Release|Any CPU
		{054BC9D9-1D80-43BB-8861-EA207B7A7CDA}.Debug|Any CPU.ActiveCfg = Debug|Any CPU
		{054BC9D9-1D80-43BB-8861-EA207B7A7CDA}.Debug|Any CPU.Build.0 = Debug|Any CPU
		{054BC9D9-1D80-43BB-8861-EA207B7A7CDA}.Release|Any CPU.ActiveCfg = Release|Any CPU
		{054BC9D9-1D80-43BB-8861-EA207B7A7CDA}.Release|Any CPU.Build.0 = Release|Any CPU
	EndGlobalSection
	GlobalSection(SolutionProperties) = preSolution
		HideSolutionNode = FALSE
	EndGlobalSection
	GlobalSection(ExtensibilityGlobals) = postSolution
		SolutionGuid = {7733B56A-AB59-4143-8187-32E9BAC71C8C}
	EndGlobalSection
EndGlobal
